
Microsoft Visual Studio Solution File, Format Version 12.00
# Visual Studio 15
VisualStudioVersion = 15.0.27004.2008
MinimumVisualStudioVersion = 10.0.40219.1
Project("{FAE04EC0-301F-11D3-BF4B-00C04F79EFBC}") = "OfxSharp.NETStandard", "OfxSharp.NETStandard\OfxSharp.NETStandard.csproj", "{D74CE674-AD58-40D7-AD72-DB985ADC501B}"
EndProject
Project("{FAE04EC0-301F-11D3-BF4B-00C04F79EFBC}") = "OfxSharp.NETCore.Tests", "OfxSharp.NETCore.Tests\OfxSharp.NETCore.Tests.csproj", "{ADF211E0-A333-4CFD-AB35-BD6D0AA7087B}"
EndProject
Global
	GlobalSection(SolutionConfigurationPlatforms) = preSolution
		Debug|Any CPU = Debug|Any CPU
		Release|Any CPU = Release|Any CPU
	EndGlobalSection
	GlobalSection(ProjectConfigurationPlatforms) = postSolution
		{D74CE674-AD58-40D7-AD72-DB985ADC501B}.Debug|Any CPU.ActiveCfg = Debug|Any CPU
		{D74CE674-AD58-40D7-AD72-DB985ADC501B}.Debug|Any CPU.Build.0 = Debug|Any CPU
		{D74CE674-AD58-40D7-AD72-DB985ADC501B}.Release|Any CPU.ActiveCfg = Release|Any CPU
		{D74CE674-AD58-40D7-AD72-DB985ADC501B}.Release|Any CPU.Build.0 = Release|Any CPU
		{ADF211E0-A333-4CFD-AB35-BD6D0AA7087B}.Debug|Any CPU.ActiveCfg = Debug|Any CPU
		{ADF211E0-A333-4CFD-AB35-BD6D0AA7087B}.Debug|Any CPU.Build.0 = Debug|Any CPU
		{ADF211E0-A333-4CFD-AB35-BD6D0AA7087B}.Release|Any CPU.ActiveCfg = Release|Any CPU
		{ADF211E0-A333-4CFD-AB35-BD6D0AA7087B}.Release|Any CPU.Build.0 = Release|Any CPU
	EndGlobalSection
	GlobalSection(SolutionProperties) = preSolution
		HideSolutionNode = FALSE
	EndGlobalSection
	GlobalSection(ExtensibilityGlobals) = postSolution
		SolutionGuid = {5FF83752-ED95-48AE-ABB7-4DBF3FE43112}
	EndGlobalSection
EndGlobal
